
Microsoft Visual Studio Solution File, Format Version 12.00
Project("{FAE04EC0-301F-11D3-BF4B-00C04F79EFBC}") = "Worker", "src\Worker\Worker.csproj", "{04804DCB-56F9-4D4A-91FC-1D756F8E2224}"
EndProject
Project("{2150E333-8FDC-42A3-9474-1A3956D46DE8}") = "Solution Items", "Solution Items", "{18B5F91D-F837-4602-9949-E35263EC8D83}"
	ProjectSection(SolutionItems) = preProject
		docker-compose.yml = docker-compose.yml
		.dockerignore = .dockerignore
		.env = .env
		Dockerfile = Dockerfile
	EndProjectSection
EndProject
Project("{2150E333-8FDC-42A3-9474-1A3956D46DE8}") = "src", "src", "{0B0295F7-06A6-4F5B-A97D-D08A53E6720C}"
EndProject
Project("{2150E333-8FDC-42A3-9474-1A3956D46DE8}") = "tests", "tests", "{EC638686-34ED-4557-9037-D341C9EF60E5}"
EndProject
Project("{FAE04EC0-301F-11D3-BF4B-00C04F79EFBC}") = "AwsCdk", "AwsCdk\AwsCdk.csproj", "{9F26ED88-E638-4D78-BB80-EE36F08C7FB6}"
EndProject
Project("{FAE04EC0-301F-11D3-BF4B-00C04F79EFBC}") = "Infrastructure.Tests", "src\Infrastructure.Tests\Infrastructure.Tests.csproj", "{584CDC94-E328-4FD8-87BA-E00584D4A9BF}"
EndProject
Project("{FAE04EC0-301F-11D3-BF4B-00C04F79EFBC}") = "Common", "src\Common\cs\Common.csproj", "{33BC8F44-3D8E-4B10-9B40-CA22A9C75B59}"
EndProject
Project("{FAE04EC0-301F-11D3-BF4B-00C04F79EFBC}") = "Domain", "src\Domain\Domain.csproj", "{75936602-6F0A-4E20-9D21-4A97B6451E75}"
EndProject
Project("{FAE04EC0-301F-11D3-BF4B-00C04F79EFBC}") = "Infrastructure", "src\Infrastructure\Infrastructure.csproj", "{A5B5989E-1897-494F-AF37-323AE1E2BA1E}"
EndProject
Project("{FAE04EC0-301F-11D3-BF4B-00C04F79EFBC}") = "Application", "src\Application\Application.csproj", "{1E8D69DD-DFC7-47F7-8326-AC094706DC31}"
EndProject
Project("{FAE04EC0-301F-11D3-BF4B-00C04F79EFBC}") = "Application.Tests", "src\Application.Tests\Application.Tests.csproj", "{4912DC53-47C7-400B-A7B0-335D942F560F}"
EndProject
Global
	GlobalSection(SolutionConfigurationPlatforms) = preSolution
		Debug|Any CPU = Debug|Any CPU
		Release|Any CPU = Release|Any CPU
	EndGlobalSection
	GlobalSection(ProjectConfigurationPlatforms) = postSolution
		{04804DCB-56F9-4D4A-91FC-1D756F8E2224}.Debug|Any CPU.ActiveCfg = Debug|Any CPU
		{04804DCB-56F9-4D4A-91FC-1D756F8E2224}.Debug|Any CPU.Build.0 = Debug|Any CPU
		{04804DCB-56F9-4D4A-91FC-1D756F8E2224}.Release|Any CPU.ActiveCfg = Release|Any CPU
		{04804DCB-56F9-4D4A-91FC-1D756F8E2224}.Release|Any CPU.Build.0 = Release|Any CPU
		{9F26ED88-E638-4D78-BB80-EE36F08C7FB6}.Debug|Any CPU.ActiveCfg = Debug|Any CPU
		{9F26ED88-E638-4D78-BB80-EE36F08C7FB6}.Debug|Any CPU.Build.0 = Debug|Any CPU
		{9F26ED88-E638-4D78-BB80-EE36F08C7FB6}.Release|Any CPU.ActiveCfg = Release|Any CPU
		{9F26ED88-E638-4D78-BB80-EE36F08C7FB6}.Release|Any CPU.Build.0 = Release|Any CPU
		{584CDC94-E328-4FD8-87BA-E00584D4A9BF}.Debug|Any CPU.ActiveCfg = Debug|Any CPU
		{584CDC94-E328-4FD8-87BA-E00584D4A9BF}.Debug|Any CPU.Build.0 = Debug|Any CPU
		{584CDC94-E328-4FD8-87BA-E00584D4A9BF}.Release|Any CPU.ActiveCfg = Release|Any CPU
		{584CDC94-E328-4FD8-87BA-E00584D4A9BF}.Release|Any CPU.Build.0 = Release|Any CPU
		{33BC8F44-3D8E-4B10-9B40-CA22A9C75B59}.Debug|Any CPU.ActiveCfg = Debug|Any CPU
		{33BC8F44-3D8E-4B10-9B40-CA22A9C75B59}.Debug|Any CPU.Build.0 = Debug|Any CPU
		{33BC8F44-3D8E-4B10-9B40-CA22A9C75B59}.Release|Any CPU.ActiveCfg = Release|Any CPU
		{33BC8F44-3D8E-4B10-9B40-CA22A9C75B59}.Release|Any CPU.Build.0 = Release|Any CPU
		{75936602-6F0A-4E20-9D21-4A97B6451E75}.Debug|Any CPU.ActiveCfg = Debug|Any CPU
		{75936602-6F0A-4E20-9D21-4A97B6451E75}.Debug|Any CPU.Build.0 = Debug|Any CPU
		{75936602-6F0A-4E20-9D21-4A97B6451E75}.Release|Any CPU.ActiveCfg = Release|Any CPU
		{75936602-6F0A-4E20-9D21-4A97B6451E75}.Release|Any CPU.Build.0 = Release|Any CPU
		{A5B5989E-1897-494F-AF37-323AE1E2BA1E}.Debug|Any CPU.ActiveCfg = Debug|Any CPU
		{A5B5989E-1897-494F-AF37-323AE1E2BA1E}.Debug|Any CPU.Build.0 = Debug|Any CPU
		{A5B5989E-1897-494F-AF37-323AE1E2BA1E}.Release|Any CPU.ActiveCfg = Release|Any CPU
		{A5B5989E-1897-494F-AF37-323AE1E2BA1E}.Release|Any CPU.Build.0 = Release|Any CPU
		{1E8D69DD-DFC7-47F7-8326-AC094706DC31}.Debug|Any CPU.ActiveCfg = Debug|Any CPU
		{1E8D69DD-DFC7-47F7-8326-AC094706DC31}.Debug|Any CPU.Build.0 = Debug|Any CPU
		{1E8D69DD-DFC7-47F7-8326-AC094706DC31}.Release|Any CPU.ActiveCfg = Release|Any CPU
		{1E8D69DD-DFC7-47F7-8326-AC094706DC31}.Release|Any CPU.Build.0 = Release|Any CPU
		{4912DC53-47C7-400B-A7B0-335D942F560F}.Debug|Any CPU.ActiveCfg = Debug|Any CPU
		{4912DC53-47C7-400B-A7B0-335D942F560F}.Debug|Any CPU.Build.0 = Debug|Any CPU
		{4912DC53-47C7-400B-A7B0-335D942F560F}.Release|Any CPU.ActiveCfg = Release|Any CPU
		{4912DC53-47C7-400B-A7B0-335D942F560F}.Release|Any CPU.Build.0 = Release|Any CPU
	EndGlobalSection
	GlobalSection(NestedProjects) = preSolution
		{04804DCB-56F9-4D4A-91FC-1D756F8E2224} = {0B0295F7-06A6-4F5B-A97D-D08A53E6720C}
		{584CDC94-E328-4FD8-87BA-E00584D4A9BF} = {EC638686-34ED-4557-9037-D341C9EF60E5}
		{33BC8F44-3D8E-4B10-9B40-CA22A9C75B59} = {0B0295F7-06A6-4F5B-A97D-D08A53E6720C}
		{75936602-6F0A-4E20-9D21-4A97B6451E75} = {0B0295F7-06A6-4F5B-A97D-D08A53E6720C}
		{A5B5989E-1897-494F-AF37-323AE1E2BA1E} = {0B0295F7-06A6-4F5B-A97D-D08A53E6720C}
		{1E8D69DD-DFC7-47F7-8326-AC094706DC31} = {0B0295F7-06A6-4F5B-A97D-D08A53E6720C}
		{4912DC53-47C7-400B-A7B0-335D942F560F} = {EC638686-34ED-4557-9037-D341C9EF60E5}
	EndGlobalSection
EndGlobal
